
Microsoft Visual Studio Solution File, Format Version 12.00
# Visual Studio 2012
Project("{888888A0-9F3D-457C-B088-3A5042F75D52}") = "EmergenceMoney", "EmergenceMoney\EmergenceMoney.pyproj", "{93DA55CD-9C14-4FDE-B82C-13AA7FC2C7A3}"
EndProject
Global
	GlobalSection(SolutionConfigurationPlatforms) = preSolution
		Debug|Any CPU = Debug|Any CPU
		Release|Any CPU = Release|Any CPU
	EndGlobalSection
	GlobalSection(ProjectConfigurationPlatforms) = postSolution
		{93DA55CD-9C14-4FDE-B82C-13AA7FC2C7A3}.Debug|Any CPU.ActiveCfg = Debug|Any CPU
		{93DA55CD-9C14-4FDE-B82C-13AA7FC2C7A3}.Debug|Any CPU.Build.0 = Debug|Any CPU
		{93DA55CD-9C14-4FDE-B82C-13AA7FC2C7A3}.Release|Any CPU.ActiveCfg = Release|Any CPU
		{93DA55CD-9C14-4FDE-B82C-13AA7FC2C7A3}.Release|Any CPU.Build.0 = Release|Any CPU
	EndGlobalSection
	GlobalSection(SolutionProperties) = preSolution
		HideSolutionNode = FALSE
	EndGlobalSection
EndGlobal
